
Microsoft Visual Studio Solution File, Format Version 11.00
# Visual Studio 2010
Project("{FAE04EC0-301F-11D3-BF4B-00C04F79EFBC}") = "GLvsVulkan", "Assembly-CSharp.csproj", "{08F0C7D3-2147-5091-CD20-3A46B614FE58}"
EndProject
Project("{FAE04EC0-301F-11D3-BF4B-00C04F79EFBC}") = "GLvsVulkan", "Assembly-CSharp-Editor.csproj", "{260B3E35-34C3-E209-6F3D-ED82E0BF3556}"
EndProject
Global
	GlobalSection(SolutionConfigurationPlatforms) = preSolution
		Debug|Any CPU = Debug|Any CPU
		Release|Any CPU = Release|Any CPU
	EndGlobalSection
	GlobalSection(ProjectConfigurationPlatforms) = postSolution
		{08F0C7D3-2147-5091-CD20-3A46B614FE58}.Debug|Any CPU.ActiveCfg = Debug|Any CPU
		{08F0C7D3-2147-5091-CD20-3A46B614FE58}.Debug|Any CPU.Build.0 = Debug|Any CPU
		{08F0C7D3-2147-5091-CD20-3A46B614FE58}.Release|Any CPU.ActiveCfg = Release|Any CPU
		{08F0C7D3-2147-5091-CD20-3A46B614FE58}.Release|Any CPU.Build.0 = Release|Any CPU
		{260B3E35-34C3-E209-6F3D-ED82E0BF3556}.Debug|Any CPU.ActiveCfg = Debug|Any CPU
		{260B3E35-34C3-E209-6F3D-ED82E0BF3556}.Debug|Any CPU.Build.0 = Debug|Any CPU
		{260B3E35-34C3-E209-6F3D-ED82E0BF3556}.Release|Any CPU.ActiveCfg = Release|Any CPU
		{260B3E35-34C3-E209-6F3D-ED82E0BF3556}.Release|Any CPU.Build.0 = Release|Any CPU
	EndGlobalSection
	GlobalSection(SolutionProperties) = preSolution
		HideSolutionNode = FALSE
	EndGlobalSection
	GlobalSection(MonoDevelopProperties) = preSolution
		StartupItem = Assembly-CSharp.csproj
	EndGlobalSection
EndGlobal
